
Microsoft Visual Studio Solution File, Format Version 12.00
# Visual Studio Version 17
VisualStudioVersion = 17.1.32210.238
MinimumVisualStudioVersion = 10.0.40219.1
Project("{FAE04EC0-301F-11D3-BF4B-00C04F79EFBC}") = "BubbleSort_A_20210140135", "BubbleSort_A_20210140135\BubbleSort_A_20210140135.csproj", "{E78762F3-7530-4F9F-B28A-99B3BD6199A3}"
EndProject
Global
	GlobalSection(SolutionConfigurationPlatforms) = preSolution
		Debug|Any CPU = Debug|Any CPU
		Release|Any CPU = Release|Any CPU
	EndGlobalSection
	GlobalSection(ProjectConfigurationPlatforms) = postSolution
		{E78762F3-7530-4F9F-B28A-99B3BD6199A3}.Debug|Any CPU.ActiveCfg = Debug|Any CPU
		{E78762F3-7530-4F9F-B28A-99B3BD6199A3}.Debug|Any CPU.Build.0 = Debug|Any CPU
		{E78762F3-7530-4F9F-B28A-99B3BD6199A3}.Release|Any CPU.ActiveCfg = Release|Any CPU
		{E78762F3-7530-4F9F-B28A-99B3BD6199A3}.Release|Any CPU.Build.0 = Release|Any CPU
	EndGlobalSection
	GlobalSection(SolutionProperties) = preSolution
		HideSolutionNode = FALSE
	EndGlobalSection
	GlobalSection(ExtensibilityGlobals) = postSolution
		SolutionGuid = {32900867-2D16-44C9-A8A8-9FEEE95C324D}
	EndGlobalSection
EndGlobal
